
Microsoft Visual Studio Solution File, Format Version 12.00
# Visual Studio Version 17
VisualStudioVersion = 17.7.34024.191
MinimumVisualStudioVersion = 10.0.40219.1
Project("{FAE04EC0-301F-11D3-BF4B-00C04F79EFBC}") = "htmlparser", "htmlparser.csproj", "{8F7C5663-1F9D-447C-81DA-57DA57280602}"
EndProject
Global
	GlobalSection(SolutionConfigurationPlatforms) = preSolution
		Debug|Any CPU = Debug|Any CPU
		Release|Any CPU = Release|Any CPU
	EndGlobalSection
	GlobalSection(ProjectConfigurationPlatforms) = postSolution
		{8F7C5663-1F9D-447C-81DA-57DA57280602}.Debug|Any CPU.ActiveCfg = Debug|Any CPU
		{8F7C5663-1F9D-447C-81DA-57DA57280602}.Debug|Any CPU.Build.0 = Debug|Any CPU
		{8F7C5663-1F9D-447C-81DA-57DA57280602}.Release|Any CPU.ActiveCfg = Release|Any CPU
		{8F7C5663-1F9D-447C-81DA-57DA57280602}.Release|Any CPU.Build.0 = Release|Any CPU
	EndGlobalSection
	GlobalSection(SolutionProperties) = preSolution
		HideSolutionNode = FALSE
	EndGlobalSection
	GlobalSection(ExtensibilityGlobals) = postSolution
		SolutionGuid = {320B553F-DC3B-40CE-802E-0CC5F676E68C}
	EndGlobalSection
EndGlobal
